
Microsoft Visual Studio Solution File, Format Version 12.00
# Visual Studio Version 17
VisualStudioVersion = 17.3.32804.467
MinimumVisualStudioVersion = 10.0.40219.1
Project("{9A19103F-16F7-4668-BE54-9A1E7A4F7556}") = "GuidShortener.Test", "GuidShortener.Test\GuidShortener.Test.csproj", "{A7A8D74E-3C64-447D-A717-3022356E958C}"
EndProject
Project("{9A19103F-16F7-4668-BE54-9A1E7A4F7556}") = "GuidShortener", "GuidShortener\GuidShortener.csproj", "{4EB0B345-E965-4E4E-9E71-A1404EF4B570}"
EndProject
Project("{FAE04EC0-301F-11D3-BF4B-00C04F79EFBC}") = "GuidShortener.Performance.Test", "GuidShortener.Performance.Test\GuidShortener.Performance.Test.csproj", "{30CE3473-3E9F-42CF-B5AE-7B353EB7C9FD}"
EndProject
Global
	GlobalSection(SolutionConfigurationPlatforms) = preSolution
		Debug|Any CPU = Debug|Any CPU
		Release|Any CPU = Release|Any CPU
	EndGlobalSection
	GlobalSection(ProjectConfigurationPlatforms) = postSolution
		{A7A8D74E-3C64-447D-A717-3022356E958C}.Debug|Any CPU.ActiveCfg = Debug|Any CPU
		{A7A8D74E-3C64-447D-A717-3022356E958C}.Debug|Any CPU.Build.0 = Debug|Any CPU
		{A7A8D74E-3C64-447D-A717-3022356E958C}.Release|Any CPU.ActiveCfg = Release|Any CPU
		{A7A8D74E-3C64-447D-A717-3022356E958C}.Release|Any CPU.Build.0 = Release|Any CPU
		{4EB0B345-E965-4E4E-9E71-A1404EF4B570}.Debug|Any CPU.ActiveCfg = Debug|Any CPU
		{4EB0B345-E965-4E4E-9E71-A1404EF4B570}.Debug|Any CPU.Build.0 = Debug|Any CPU
		{4EB0B345-E965-4E4E-9E71-A1404EF4B570}.Release|Any CPU.ActiveCfg = Release|Any CPU
		{4EB0B345-E965-4E4E-9E71-A1404EF4B570}.Release|Any CPU.Build.0 = Release|Any CPU
		{30CE3473-3E9F-42CF-B5AE-7B353EB7C9FD}.Debug|Any CPU.ActiveCfg = Debug|Any CPU
		{30CE3473-3E9F-42CF-B5AE-7B353EB7C9FD}.Debug|Any CPU.Build.0 = Debug|Any CPU
		{30CE3473-3E9F-42CF-B5AE-7B353EB7C9FD}.Release|Any CPU.ActiveCfg = Release|Any CPU
		{30CE3473-3E9F-42CF-B5AE-7B353EB7C9FD}.Release|Any CPU.Build.0 = Release|Any CPU
	EndGlobalSection
	GlobalSection(SolutionProperties) = preSolution
		HideSolutionNode = FALSE
	EndGlobalSection
	GlobalSection(ExtensibilityGlobals) = postSolution
		SolutionGuid = {09B46991-0FB4-4750-A424-DE44358C12B6}
	EndGlobalSection
EndGlobal
